
Microsoft Visual Studio Solution File, Format Version 12.00
# Visual Studio Version 17
VisualStudioVersion = 17.3.32922.545
MinimumVisualStudioVersion = 10.0.40219.1
Project("{FAE04EC0-301F-11D3-BF4B-00C04F79EFBC}") = "Trendy", "Trendy\Trendy.csproj", "{756570E0-AF15-4BA0-8AAE-45283A42D533}"
EndProject
Global
	GlobalSection(SolutionConfigurationPlatforms) = preSolution
		Debug|Any CPU = Debug|Any CPU
		Release|Any CPU = Release|Any CPU
	EndGlobalSection
	GlobalSection(ProjectConfigurationPlatforms) = postSolution
		{756570E0-AF15-4BA0-8AAE-45283A42D533}.Debug|Any CPU.ActiveCfg = Debug|Any CPU
		{756570E0-AF15-4BA0-8AAE-45283A42D533}.Debug|Any CPU.Build.0 = Debug|Any CPU
		{756570E0-AF15-4BA0-8AAE-45283A42D533}.Release|Any CPU.ActiveCfg = Release|Any CPU
		{756570E0-AF15-4BA0-8AAE-45283A42D533}.Release|Any CPU.Build.0 = Release|Any CPU
	EndGlobalSection
	GlobalSection(SolutionProperties) = preSolution
		HideSolutionNode = FALSE
	EndGlobalSection
	GlobalSection(ExtensibilityGlobals) = postSolution
		SolutionGuid = {ED2A7EAB-0DBD-461D-A432-DD4B17F65136}
	EndGlobalSection
EndGlobal
